# Parser-only dependencies, exact versions and hashes from requirements.lock.
pypdf==6.18.1 \
    --hash=sha256:2441fc839053745638d9b9ddb38ed66beed8d611f47a3036c9838fc4e3074dea \
    --hash=sha256:ee93a2665670ecf57ee81d197a4ca548f3dc15f9cefc56e59b8140866aaa3de5
python-dotenv==1.2.3 \
    --hash=sha256:904552145e8bfed22162c09dab1c2b9b54fefa7b23ba780f4f26ca0316b0f0d9 \
    --hash=sha256:a20a594dabeaa385725aa239d5244871c143ecb356add8a20fcf23773a6c3a35
